
Microsoft Visual Studio Solution File, Format Version 12.00
# Visual Studio Version 17
VisualStudioVersion = 17.14.36212.18 d17.14
MinimumVisualStudioVersion = 10.0.40219.1
Project("{FAE04EC0-301F-11D3-BF4B-00C04F79EFBC}") = "MongoDB_Vault_Demonstration", "MongoDB_Vault_Demonstration\MongoDB_Vault_Demonstration.csproj", "{647570E5-5CC5-4A54-A640-1F250BCD833B}"
EndProject
Global
	GlobalSection(SolutionConfigurationPlatforms) = preSolution
		Debug|Any CPU = Debug|Any CPU
		Release|Any CPU = Release|Any CPU
	EndGlobalSection
	GlobalSection(ProjectConfigurationPlatforms) = postSolution
		{647570E5-5CC5-4A54-A640-1F250BCD833B}.Debug|Any CPU.ActiveCfg = Debug|Any CPU
		{647570E5-5CC5-4A54-A640-1F250BCD833B}.Debug|Any CPU.Build.0 = Debug|Any CPU
		{647570E5-5CC5-4A54-A640-1F250BCD833B}.Release|Any CPU.ActiveCfg = Release|Any CPU
		{647570E5-5CC5-4A54-A640-1F250BCD833B}.Release|Any CPU.Build.0 = Release|Any CPU
	EndGlobalSection
	GlobalSection(SolutionProperties) = preSolution
		HideSolutionNode = FALSE
	EndGlobalSection
	GlobalSection(ExtensibilityGlobals) = postSolution
		SolutionGuid = {8E8C51E1-C100-4431-8008-E8C7D55AC09E}
	EndGlobalSection
EndGlobal
